
Microsoft Visual Studio Solution File, Format Version 12.00
# Visual Studio Version 16
VisualStudioVersion = 16.0.30204.135
MinimumVisualStudioVersion = 10.0.40219.1
Project("{9A19103F-16F7-4668-BE54-9A1E7A4F7556}") = "RefactoringInjecaoDeDependencia", "RefactoringInjecaoDeDependencia\RefactoringInjecaoDeDependencia.csproj", "{2AED92FD-DE3D-453F-80F3-880F06D49227}"
EndProject
Project("{FAE04EC0-301F-11D3-BF4B-00C04F79EFBC}") = "RefactoringInjecaoDependencia.UnitTest", "RefactoringInjecaoDependencia.UnitTest\RefactoringInjecaoDependencia.UnitTest.csproj", "{AD1427C5-71B3-4B24-A1AF-EA9AE818059E}"
EndProject
Global
	GlobalSection(SolutionConfigurationPlatforms) = preSolution
		Debug|Any CPU = Debug|Any CPU
		Release|Any CPU = Release|Any CPU
	EndGlobalSection
	GlobalSection(ProjectConfigurationPlatforms) = postSolution
		{2AED92FD-DE3D-453F-80F3-880F06D49227}.Debug|Any CPU.ActiveCfg = Debug|Any CPU
		{2AED92FD-DE3D-453F-80F3-880F06D49227}.Debug|Any CPU.Build.0 = Debug|Any CPU
		{2AED92FD-DE3D-453F-80F3-880F06D49227}.Release|Any CPU.ActiveCfg = Release|Any CPU
		{2AED92FD-DE3D-453F-80F3-880F06D49227}.Release|Any CPU.Build.0 = Release|Any CPU
		{AD1427C5-71B3-4B24-A1AF-EA9AE818059E}.Debug|Any CPU.ActiveCfg = Debug|Any CPU
		{AD1427C5-71B3-4B24-A1AF-EA9AE818059E}.Debug|Any CPU.Build.0 = Debug|Any CPU
		{AD1427C5-71B3-4B24-A1AF-EA9AE818059E}.Release|Any CPU.ActiveCfg = Release|Any CPU
		{AD1427C5-71B3-4B24-A1AF-EA9AE818059E}.Release|Any CPU.Build.0 = Release|Any CPU
	EndGlobalSection
	GlobalSection(SolutionProperties) = preSolution
		HideSolutionNode = FALSE
	EndGlobalSection
	GlobalSection(ExtensibilityGlobals) = postSolution
		SolutionGuid = {849BB4C6-992C-4F9C-AEA1-0FCD400425B9}
	EndGlobalSection
EndGlobal
